// !$*UTF8*$!
{
	archiveVersion = 1;
	classes = {
	};
	objectVersion = 50;
	objects = {

/* Begin PBXBuildFile section */
		3EEDCCFE23DAA06E0004B19D /* AppDelegate.swift in Sources */ = {isa = PBXBuildFile; fileRef = 3EEDCCFD23DAA06E0004B19D /* AppDelegate.swift */; };
		3EEDCD0023DAA06E0004B19D /* SceneDelegate.swift in Sources */ = {isa = PBXBuildFile; fileRef = 3EEDCCFF23DAA06E0004B19D /* SceneDelegate.swift */; };
		3EEDCD0223DAA06E0004B19D /* ViewController.swift in Sources */ = {isa = PBXBuildFile; fileRef = 3EEDCD0123DAA06E0004B19D /* ViewController.swift */; };
		3EEDCD0523DAA06E0004B19D /* Main.storyboard in Resources */ = {isa = PBXBuildFile; fileRef = 3EEDCD0323DAA06E0004B19D /* Main.storyboard */; };
		3EEDCD0723DAA0770004B19D /* Assets.xcassets in Resources */ = {isa = PBXBuildFile; fileRef = 3EEDCD0623DAA0770004B19D /* Assets.xcassets */; };
		3EEDCD0A23DAA0770004B19D /* LaunchScreen.storyboard in Resources */ = {isa = PBXBuildFile; fileRef = 3EEDCD0823DAA0770004B19D /* LaunchScreen.storyboard */; };
		3EEDCD7A23DB36E40004B19D /* launch2.png in Resources */ = {isa = PBXBuildFile; fileRef = 3EEDCD7923DB36E40004B19D /* launch2.png */; };
/* End PBXBuildFile section */

/* Begin PBXFileReference section */
		3EEDCCFA23DAA06E0004B19D /* easyCalculator.app */ = {isa = PBXFileReference; explicitFileType = wrapper.application; includeInIndex = 0; path = easyCalculator.app; sourceTree = BUILT_PRODUCTS_DIR; };
		3EEDCCFD23DAA06E0004B19D /* AppDelegate.swift */ = {isa = PBXFileReference; lastKnownFileType = sourcecode.swift; path = AppDelegate.swift; sourceTree = "<group>"; };
		3EEDCCFF23DAA06E0004B19D /* SceneDelegate.swift */ = {isa = PBXFileReference; lastKnownFileType = sourcecode.swift; path = SceneDelegate.swift; sourceTree = "<group>"; };
		3EEDCD0123DAA06E0004B19D /* ViewController.swift */ = {isa = PBXFileReference; lastKnownFileType = sourcecode.swift; path = ViewController.swift; sourceTree = "<group>"; };
		3EEDCD0423DAA06E0004B19D /* Base */ = {isa = PBXFileReference; lastKnownFileType = file.storyboard; name = Base; path = Base.lproj/Main.storyboard; sourceTree = "<group>"; };
		3EEDCD0623DAA0770004B19D /* Assets.xcassets */ = {isa = PBXFileReference; lastKnownFileType = folder.assetcatalog; path = Assets.xcassets; sourceTree = "<group>"; };
		3EEDCD0923DAA0770004B19D /* Base */ = {isa = PBXFileReference; lastKnownFileType = file.storyboard; name = Base; path = Base.lproj/LaunchScreen.storyboard; sourceTree = "<group>"; };
		3EEDCD0B23DAA0770004B19D /* Info.plist */ = {isa = PBXFileReference; lastKnownFileType = text.plist.xml; path = Info.plist; sourceTree = "<group>"; };
		3EEDCD7923DB36E40004B19D /* launch2.png */ = {isa = PBXFileReference; lastKnownFileType = image.png; path = launch2.png; sourceTree = "<group>"; };
/* End PBXFileReference section */

/* Begin PBXFrameworksBuildPhase section */
		3EEDCCF723DAA06E0004B19D /* Frameworks */ = {
			isa = PBXFrameworksBuildPhase;
			buildActionMask = 2147483647;
			files = (
			);
			runOnlyForDeploymentPostprocessing = 0;
		};
/* End PBXFrameworksBuildPhase section */

/* Begin PBXGroup section */
		3EEDCCF123DAA06E0004B19D = {
			isa = PBXGroup;
			children = (
				3EEDCCFC23DAA06E0004B19D /* easyCalculator */,
				3EEDCCFB23DAA06E0004B19D /* Products */,
			);
			sourceTree = "<group>";
		};
		3EEDCCFB23DAA06E0004B19D /* Products */ = {
			isa = PBXGroup;
			children = (
				3EEDCCFA23DAA06E0004B19D /* easyCalculator.app */,
			);
			name = Products;
			sourceTree = "<group>";
		};
		3EEDCCFC23DAA06E0004B19D /* easyCalculator */ = {
			isa = PBXGroup;
			children = (
				3EEDCCFD23DAA06E0004B19D /* AppDelegate.swift */,
				3EEDCCFF23DAA06E0004B19D /* SceneDelegate.swift */,
				3EEDCD0123DAA06E0004B19D /* ViewController.swift */,
				3EEDCD0323DAA06E0004B19D /* Main.storyboard */,
				3EEDCD0623DAA0770004B19D /* Assets.xcassets */,
				3EEDCD7923DB36E40004B19D /* launch2.png */,
				3EEDCD0823DAA0770004B19D /* LaunchScreen.storyboard */,
				3EEDCD0B23DAA0770004B19D /* Info.plist */,
			);
			path = easyCalculator;
			sourceTree = "<group>";
		};
/* End PBXGroup section */

/* Begin PBXNativeTarget section */
		3EEDCCF923DAA06E0004B19D /* easyCalculator */ = {
			isa = PBXNativeTarget;
			buildConfigurationList = 3EEDCD0E23DAA0770004B19D /* Build configuration list for PBXNativeTarget "easyCalculator" */;
			buildPhases = (
				3EEDCCF623DAA06E0004B19D /* Sources */,
				3EEDCCF723DAA06E0004B19D /* Frameworks */,
				3EEDCCF823DAA06E0004B19D /* Resources */,
			);
			buildRules = (
			);
			dependencies = (
			);
			name = easyCalculator;
			productName = easyCalculator;
			productReference = 3EEDCCFA23DAA06E0004B19D /* easyCalculator.app */;
			productType = "com.apple.product-type.application";
		};
/* End PBXNativeTarget section */

/* Begin PBXProject section */
		3EEDCCF223DAA06E0004B19D /* Project object */ = {
			isa = PBXProject;
			attributes = {
				LastSwiftUpdateCheck = 1130;
				LastUpgradeCheck = 1130;
				ORGANIZATIONNAME = "ZHAO LIN";
				TargetAttributes = {
					3EEDCCF923DAA06E0004B19D = {
						CreatedOnToolsVersion = 11.3.1;
					};
				};
			};
			buildConfigurationList = 3EEDCCF523DAA06E0004B19D /* Build configuration list for PBXProject "easyCalculator" */;
			compatibilityVersion = "Xcode 9.3";
			developmentRegion = en;
			hasScannedForEncodings = 0;
			knownRegions = (
				en,
				Base,
			);
			mainGroup = 3EEDCCF123DAA06E0004B19D;
			productRefGroup = 3EEDCCFB23DAA06E0004B19D /* Products */;
			projectDirPath = "";
			projectRoot = "";
			targets = (
				3EEDCCF923DAA06E0004B19D /* easyCalculator */,
			);
		};
/* End PBXProject section */

/* Begin PBXResourcesBuildPhase section */
		3EEDCCF823DAA06E0004B19D /* Resources */ = {
			isa = PBXResourcesBuildPhase;
			buildActionMask = 2147483647;
			files = (
				3EEDCD0A23DAA0770004B19D /* LaunchScreen.storyboard in Resources */,
				3EEDCD0723DAA0770004B19D /* Assets.xcassets in Resources */,
				3EEDCD0523DAA06E0004B19D /* Main.storyboard in Resources */,
				3EEDCD7A23DB36E40004B19D /* launch2.png in Resources */,
			);
			runOnlyForDeploymentPostprocessing = 0;
		};
/* End PBXResourcesBuildPhase section */

/* Begin PBXSourcesBuildPhase section */
		3EEDCCF623DAA06E0004B19D /* Sources */ = {
			isa = PBXSourcesBuildPhase;
			buildActionMask = 2147483647;
			files = (
				3EEDCD0223DAA06E0004B19D /* ViewController.swift in Sources */,
				3EEDCCFE23DAA06E0004B19D /* AppDelegate.swift in Sources */,
				3EEDCD0023DAA06E0004B19D /* SceneDelegate.swift in Sources */,
			);
			runOnlyForDeploymentPostprocessing = 0;
		};
/* End PBXSourcesBuildPhase section */

/* Begin PBXVariantGroup section */
		3EEDCD0323DAA06E0004B19D /* Main.storyboard */ = {
			isa = PBXVariantGroup;
			children = (
				3EEDCD0423DAA06E0004B19D /* Base */,
			);
			name = Main.storyboard;
			sourceTree = "<group>";
		};
		3EEDCD0823DAA0770004B19D /* LaunchScreen.storyboard */ = {
			isa = PBXVariantGroup;
			children = (
				3EEDCD0923DAA0770004B19D /* Base */,
			);
			name = LaunchScreen.storyboard;
			sourceTree = "<group>";
		};
/* End PBXVariantGroup section */

/* Begin XCBuildConfiguration section */
		3EEDCD0C23DAA0770004B19D /* Debug */ = {
			isa = XCBuildConfiguration;
			buildSettings = {
				ALWAYS_SEARCH_USER_PATHS = NO;
				CLANG_ANALYZER_NONNULL = YES;
				CLANG_ANALYZER_NUMBER_OBJECT_CONVERSION = YES_AGGRESSIVE;
				CLANG_CXX_LANGUAGE_STANDARD = "gnu++14";
				CLANG_CXX_LIBRARY = "libc++";
				CLANG_ENABLE_MODULES = YES;
				CLANG_ENABLE_OBJC_ARC = YES;
				CLANG_ENABLE_OBJC_WEAK = YES;
				CLANG_WARN_BLOCK_CAPTURE_AUTORELEASING = YES;
				CLANG_WARN_BOOL_CONVERSION = YES;
				CLANG_WARN_COMMA = YES;
				CLANG_WARN_CONSTANT_CONVERSION = YES;
				CLANG_WARN_DEPRECATED_OBJC_IMPLEMENTATIONS = YES;
				CLANG_WARN_DIRECT_OBJC_ISA_USAGE = YES_ERROR;
				CLANG_WARN_DOCUMENTATION_COMMENTS = YES;
				CLANG_WARN_EMPTY_BODY = YES;
				CLANG_WARN_ENUM_CONVERSION = YES;
				CLANG_WARN_INFINITE_RECURSION = YES;
				CLANG_WARN_INT_CONVERSION = YES;
				CLANG_WARN_NON_LITERAL_NULL_CONVERSION = YES;
				CLANG_WARN_OBJC_IMPLICIT_RETAIN_SELF = YES;
				CLANG_WARN_OBJC_LITERAL_CONVERSION = YES;
				CLANG_WARN_OBJC_ROOT_CLASS = YES_ERROR;
				CLANG_WARN_RANGE_LOOP_ANALYSIS = YES;
				CLANG_WARN_STRICT_PROTOTYPES = YES;
				CLANG_WARN_SUSPICIOUS_MOVE = YES;
				CLANG_WARN_UNGUARDED_AVAILABILITY = YES_AGGRESSIVE;
				CLANG_WARN_UNREACHABLE_CODE = YES;
				CLANG_WARN__DUPLICATE_METHOD_MATCH = YES;
				COPY_PHASE_STRIP = NO;
				DEBUG_INFORMATION_FORMAT = dwarf;
				ENABLE_STRICT_OBJC_MSGSEND = YES;
				ENABLE_TESTABILITY = YES;
				GCC_C_LANGUAGE_STANDARD = gnu11;
				GCC_DYNAMIC_NO_PIC = NO;
				GCC_NO_COMMON_BLOCKS = YES;
				GCC_OPTIMIZATION_LEVEL = 0;
				GCC_PREPROCESSOR_DEFINITIONS = (
					"DEBUG=1",
					"$(inherited)",
				);
				GCC_WARN_64_TO_32_BIT_CONVERSION = YES;
				GCC_WARN_ABOUT_RETURN_TYPE = YES_ERROR;
				GCC_WARN_UNDECLARED_SELECTOR = YES;
				GCC_WARN_UNINITIALIZED_AUTOS = YES_AGGRESSIVE;
				GCC_WARN_UNUSED_FUNCTION = YES;
				GCC_WARN_UNUSED_VARIABLE = YES;
				IPHONEOS_DEPLOYMENT_TARGET = 13.2;
				MTL_ENABLE_DEBUG_INFO = INCLUDE_SOURCE;
				MTL_FAST_MATH = YES;
				ONLY_ACTIVE_ARCH = YES;
				SDKROOT = iphoneos;
				SWIFT_ACTIVE_COMPILATION_CONDITIONS = DEBUG;
				SWIFT_OPTIMIZATION_LEVEL = "-Onone";
			};
			name = Debug;
		};
		3EEDCD0D23DAA0770004B19D /* Release */ = {
			isa = XCBuildConfiguration;
			buildSettings = {
				ALWAYS_SEARCH_USER_PATHS = NO;
				CLANG_ANALYZER_NONNULL = YES;
				CLANG_ANALYZER_NUMBER_OBJECT_CONVERSION = YES_AGGRESSIVE;
				CLANG_CXX_LANGUAGE_STANDARD = "gnu++14";
				CLANG_CXX_LIBRARY = "libc++";
				CLANG_ENABLE_MODULES = YES;
				CLANG_ENABLE_OBJC_ARC = YES;
				CLANG_ENABLE_OBJC_WEAK = YES;
				CLANG_WARN_BLOCK_CAPTURE_AUTORELEASING = YES;
				CLANG_WARN_BOOL_CONVERSION = YES;
				CLANG_WARN_COMMA = YES;
				CLANG_WARN_CONSTANT_CONVERSION = YES;
				CLANG_WARN_DEPRECATED_OBJC_IMPLEMENTATIONS = YES;
				CLANG_WARN_DIRECT_OBJC_ISA_USAGE = YES_ERROR;
				CLANG_WARN_DOCUMENTATION_COMMENTS = YES;
				CLANG_WARN_EMPTY_BODY = YES;
				CLANG_WARN_ENUM_CONVERSION = YES;
				CLANG_WARN_INFINITE_RECURSION = YES;
				CLANG_WARN_INT_CONVERSION = YES;
				CLANG_WARN_NON_LITERAL_NULL_CONVERSION = YES;
				CLANG_WARN_OBJC_IMPLICIT_RETAIN_SELF = YES;
				CLANG_WARN_OBJC_LITERAL_CONVERSION = YES;
				CLANG_WARN_OBJC_ROOT_CLASS = YES_ERROR;
				CLANG_WARN_RANGE_LOOP_ANALYSIS = YES;
				CLANG_WARN_STRICT_PROTOTYPES = YES;
				CLANG_WARN_SUSPICIOUS_MOVE = YES;
				CLANG_WARN_UNGUARDED_AVAILABILITY = YES_AGGRESSIVE;
				CLANG_WARN_UNREACHABLE_CODE = YES;
				CLANG_WARN__DUPLICATE_METHOD_MATCH = YES;
				COPY_PHASE_STRIP = NO;
				DEBUG_INFORMATION_FORMAT = "dwarf-with-dsym";
				ENABLE_NS_ASSERTIONS = NO;
				ENABLE_STRICT_OBJC_MSGSEND = YES;
				GCC_C_LANGUAGE_STANDARD = gnu11;
				GCC_NO_COMMON_BLOCKS = YES;
				GCC_WARN_64_TO_32_BIT_CONVERSION = YES;
				GCC_WARN_ABOUT_RETURN_TYPE = YES_ERROR;
				GCC_WARN_UNDECLARED_SELECTOR = YES;
				GCC_WARN_UNINITIALIZED_AUTOS = YES_AGGRESSIVE;
				GCC_WARN_UNUSED_FUNCTION = YES;
				GCC_WARN_UNUSED_VARIABLE = YES;
				IPHONEOS_DEPLOYMENT_TARGET = 13.2;
				MTL_ENABLE_DEBUG_INFO = NO;
				MTL_FAST_MATH = YES;
				SDKROOT = iphoneos;
				SWIFT_COMPILATION_MODE = wholemodule;
				SWIFT_OPTIMIZATION_LEVEL = "-O";
				VALIDATE_PRODUCT = YES;
			};
			name = Release;
		};
		3EEDCD0F23DAA0770004B19D /* Debug */ = {
			isa = XCBuildConfiguration;
			buildSettings = {
				ASSETCATALOG_COMPILER_APPICON_NAME = AppIcon;
				CODE_SIGN_STYLE = Automatic;
				DEVELOPMENT_TEAM = 4F7C2D6L69;
				INFOPLIST_FILE = easyCalculator/Info.plist;
				LD_RUNPATH_SEARCH_PATHS = (
					"$(inherited)",
					"@executable_path/Frameworks",
				);
				PRODUCT_BUNDLE_IDENTIFIER = jp.zhao.easyCalculator;
				PRODUCT_NAME = "$(TARGET_NAME)";
				SWIFT_VERSION = 5.0;
				TARGETED_DEVICE_FAMILY = "1,2";
			};
			name = Debug;
		};
		3EEDCD1023DAA0770004B19D /* Release */ = {
			isa = XCBuildConfiguration;
			buildSettings = {
				ASSETCATALOG_COMPILER_APPICON_NAME = AppIcon;
				CODE_SIGN_STYLE = Automatic;
				DEVELOPMENT_TEAM = 4F7C2D6L69;
				INFOPLIST_FILE = easyCalculator/Info.plist;
				LD_RUNPATH_SEARCH_PATHS = (
					"$(inherited)",
					"@executable_path/Frameworks",
				);
				PRODUCT_BUNDLE_IDENTIFIER = jp.zhao.easyCalculator;
				PRODUCT_NAME = "$(TARGET_NAME)";
				SWIFT_VERSION = 5.0;
				TARGETED_DEVICE_FAMILY = "1,2";
			};
			name = Release;
		};
/* End XCBuildConfiguration section */

/* Begin XCConfigurationList section */
		3EEDCCF523DAA06E0004B19D /* Build configuration list for PBXProject "easyCalculator" */ = {
			isa = XCConfigurationList;
			buildConfigurations = (
				3EEDCD0C23DAA0770004B19D /* Debug */,
				3EEDCD0D23DAA0770004B19D /* Release */,
			);
			defaultConfigurationIsVisible = 0;
			defaultConfigurationName = Release;
		};
		3EEDCD0E23DAA0770004B19D /* Build configuration list for PBXNativeTarget "easyCalculator" */ = {
			isa = XCConfigurationList;
			buildConfigurations = (
				3EEDCD0F23DAA0770004B19D /* Debug */,
				3EEDCD1023DAA0770004B19D /* Release */,
			);
			defaultConfigurationIsVisible = 0;
			defaultConfigurationName = Release;
		};
/* End XCConfigurationList section */
	};
	rootObject = 3EEDCCF223DAA06E0004B19D /* Project object */;
}
